// !$*UTF8*$!
{
	archiveVersion = 1;
	classes = {
	};
	objectVersion = 50;
	objects = {

/* Begin PBXBuildFile section */
		8BB17697240D62B10082EFCC /* AppDelegate.swift in Sources */ = {isa = PBXBuildFile; fileRef = 8BB17696240D62B10082EFCC /* AppDelegate.swift */; };
		8BB1769E240D62B10082EFCC /* Main.storyboard in Resources */ = {isa = PBXBuildFile; fileRef = 8BB1769C240D62B10082EFCC /* Main.storyboard */; };
		8BB176A0240D62B20082EFCC /* Assets.xcassets in Resources */ = {isa = PBXBuildFile; fileRef = 8BB1769F240D62B20082EFCC /* Assets.xcassets */; };
		8BB176A3240D62B20082EFCC /* LaunchScreen.storyboard in Resources */ = {isa = PBXBuildFile; fileRef = 8BB176A1240D62B20082EFCC /* LaunchScreen.storyboard */; };
		8BB176AE240D62B30082EFCC /* PhotoramaTests.swift in Sources */ = {isa = PBXBuildFile; fileRef = 8BB176AD240D62B30082EFCC /* PhotoramaTests.swift */; };
		8BB176B9240D62B30082EFCC /* PhotoramaUITests.swift in Sources */ = {isa = PBXBuildFile; fileRef = 8BB176B8240D62B30082EFCC /* PhotoramaUITests.swift */; };
		8BB176C7240D64CD0082EFCC /* PhotosViewController.swift in Sources */ = {isa = PBXBuildFile; fileRef = 8BB176C6240D64CD0082EFCC /* PhotosViewController.swift */; };
		8BB176C9240E3B9E0082EFCC /* FlickrAPI.swift in Sources */ = {isa = PBXBuildFile; fileRef = 8BB176C8240E3B9E0082EFCC /* FlickrAPI.swift */; };
		8BCA6BC9240F790400F18A1D /* PhotoStore.swift in Sources */ = {isa = PBXBuildFile; fileRef = 8BCA6BC8240F790400F18A1D /* PhotoStore.swift */; };
		8BF5859F2410DC8E00FEB636 /* Photo.swift in Sources */ = {isa = PBXBuildFile; fileRef = 8BF5859E2410DC8E00FEB636 /* Photo.swift */; };
/* End PBXBuildFile section */

/* Begin PBXContainerItemProxy section */
		8BB176AA240D62B30082EFCC /* PBXContainerItemProxy */ = {
			isa = PBXContainerItemProxy;
			containerPortal = 8BB1768B240D62B10082EFCC /* Project object */;
			proxyType = 1;
			remoteGlobalIDString = 8BB17692240D62B10082EFCC;
			remoteInfo = Photorama;
		};
		8BB176B5240D62B30082EFCC /* PBXContainerItemProxy */ = {
			isa = PBXContainerItemProxy;
			containerPortal = 8BB1768B240D62B10082EFCC /* Project object */;
			proxyType = 1;
			remoteGlobalIDString = 8BB17692240D62B10082EFCC;
			remoteInfo = Photorama;
		};
/* End PBXContainerItemProxy section */

/* Begin PBXFileReference section */
		8BB17693240D62B10082EFCC /* Photorama.app */ = {isa = PBXFileReference; explicitFileType = wrapper.application; includeInIndex = 0; path = Photorama.app; sourceTree = BUILT_PRODUCTS_DIR; };
		8BB17696240D62B10082EFCC /* AppDelegate.swift */ = {isa = PBXFileReference; lastKnownFileType = sourcecode.swift; path = AppDelegate.swift; sourceTree = "<group>"; };
		8BB1769D240D62B10082EFCC /* Base */ = {isa = PBXFileReference; lastKnownFileType = file.storyboard; name = Base; path = Base.lproj/Main.storyboard; sourceTree = "<group>"; };
		8BB1769F240D62B20082EFCC /* Assets.xcassets */ = {isa = PBXFileReference; lastKnownFileType = folder.assetcatalog; path = Assets.xcassets; sourceTree = "<group>"; };
		8BB176A2240D62B20082EFCC /* Base */ = {isa = PBXFileReference; lastKnownFileType = file.storyboard; name = Base; path = Base.lproj/LaunchScreen.storyboard; sourceTree = "<group>"; };
		8BB176A4240D62B20082EFCC /* Info.plist */ = {isa = PBXFileReference; lastKnownFileType = text.plist.xml; path = Info.plist; sourceTree = "<group>"; };
		8BB176A9240D62B30082EFCC /* PhotoramaTests.xctest */ = {isa = PBXFileReference; explicitFileType = wrapper.cfbundle; includeInIndex = 0; path = PhotoramaTests.xctest; sourceTree = BUILT_PRODUCTS_DIR; };
		8BB176AD240D62B30082EFCC /* PhotoramaTests.swift */ = {isa = PBXFileReference; lastKnownFileType = sourcecode.swift; path = PhotoramaTests.swift; sourceTree = "<group>"; };
		8BB176AF240D62B30082EFCC /* Info.plist */ = {isa = PBXFileReference; lastKnownFileType = text.plist.xml; path = Info.plist; sourceTree = "<group>"; };
		8BB176B4240D62B30082EFCC /* PhotoramaUITests.xctest */ = {isa = PBXFileReference; explicitFileType = wrapper.cfbundle; includeInIndex = 0; path = PhotoramaUITests.xctest; sourceTree = BUILT_PRODUCTS_DIR; };
		8BB176B8240D62B30082EFCC /* PhotoramaUITests.swift */ = {isa = PBXFileReference; lastKnownFileType = sourcecode.swift; path = PhotoramaUITests.swift; sourceTree = "<group>"; };
		8BB176BA240D62B30082EFCC /* Info.plist */ = {isa = PBXFileReference; lastKnownFileType = text.plist.xml; path = Info.plist; sourceTree = "<group>"; };
		8BB176C6240D64CD0082EFCC /* PhotosViewController.swift */ = {isa = PBXFileReference; lastKnownFileType = sourcecode.swift; path = PhotosViewController.swift; sourceTree = "<group>"; };
		8BB176C8240E3B9E0082EFCC /* FlickrAPI.swift */ = {isa = PBXFileReference; lastKnownFileType = sourcecode.swift; path = FlickrAPI.swift; sourceTree = "<group>"; };
		8BCA6BC8240F790400F18A1D /* PhotoStore.swift */ = {isa = PBXFileReference; lastKnownFileType = sourcecode.swift; path = PhotoStore.swift; sourceTree = "<group>"; };
		8BF5859E2410DC8E00FEB636 /* Photo.swift */ = {isa = PBXFileReference; lastKnownFileType = sourcecode.swift; path = Photo.swift; sourceTree = "<group>"; };
/* End PBXFileReference section */

/* Begin PBXFrameworksBuildPhase section */
		8BB17690240D62B10082EFCC /* Frameworks */ = {
			isa = PBXFrameworksBuildPhase;
			buildActionMask = 2147483647;
			files = (
			);
			runOnlyForDeploymentPostprocessing = 0;
		};
		8BB176A6240D62B30082EFCC /* Frameworks */ = {
			isa = PBXFrameworksBuildPhase;
			buildActionMask = 2147483647;
			files = (
			);
			runOnlyForDeploymentPostprocessing = 0;
		};
		8BB176B1240D62B30082EFCC /* Frameworks */ = {
			isa = PBXFrameworksBuildPhase;
			buildActionMask = 2147483647;
			files = (
			);
			runOnlyForDeploymentPostprocessing = 0;
		};
/* End PBXFrameworksBuildPhase section */

/* Begin PBXGroup section */
		8BB1768A240D62B10082EFCC = {
			isa = PBXGroup;
			children = (
				8BB17695240D62B10082EFCC /* Photorama */,
				8BB176AC240D62B30082EFCC /* PhotoramaTests */,
				8BB176B7240D62B30082EFCC /* PhotoramaUITests */,
				8BB17694240D62B10082EFCC /* Products */,
			);
			sourceTree = "<group>";
		};
		8BB17694240D62B10082EFCC /* Products */ = {
			isa = PBXGroup;
			children = (
				8BB17693240D62B10082EFCC /* Photorama.app */,
				8BB176A9240D62B30082EFCC /* PhotoramaTests.xctest */,
				8BB176B4240D62B30082EFCC /* PhotoramaUITests.xctest */,
			);
			name = Products;
			sourceTree = "<group>";
		};
		8BB17695240D62B10082EFCC /* Photorama */ = {
			isa = PBXGroup;
			children = (
				8BB17696240D62B10082EFCC /* AppDelegate.swift */,
				8BB1769C240D62B10082EFCC /* Main.storyboard */,
				8BB1769F240D62B20082EFCC /* Assets.xcassets */,
				8BB176A1240D62B20082EFCC /* LaunchScreen.storyboard */,
				8BB176A4240D62B20082EFCC /* Info.plist */,
				8BB176C6240D64CD0082EFCC /* PhotosViewController.swift */,
				8BB176C8240E3B9E0082EFCC /* FlickrAPI.swift */,
				8BCA6BC8240F790400F18A1D /* PhotoStore.swift */,
				8BF5859E2410DC8E00FEB636 /* Photo.swift */,
			);
			path = Photorama;
			sourceTree = "<group>";
		};
		8BB176AC240D62B30082EFCC /* PhotoramaTests */ = {
			isa = PBXGroup;
			children = (
				8BB176AD240D62B30082EFCC /* PhotoramaTests.swift */,
				8BB176AF240D62B30082EFCC /* Info.plist */,
			);
			path = PhotoramaTests;
			sourceTree = "<group>";
		};
		8BB176B7240D62B30082EFCC /* PhotoramaUITests */ = {
			isa = PBXGroup;
			children = (
				8BB176B8240D62B30082EFCC /* PhotoramaUITests.swift */,
				8BB176BA240D62B30082EFCC /* Info.plist */,
			);
			path = PhotoramaUITests;
			sourceTree = "<group>";
		};
/* End PBXGroup section */

/* Begin PBXNativeTarget section */
		8BB17692240D62B10082EFCC /* Photorama */ = {
			isa = PBXNativeTarget;
			buildConfigurationList = 8BB176BD240D62B30082EFCC /* Build configuration list for PBXNativeTarget "Photorama" */;
			buildPhases = (
				8BB1768F240D62B10082EFCC /* Sources */,
				8BB17690240D62B10082EFCC /* Frameworks */,
				8BB17691240D62B10082EFCC /* Resources */,
			);
			buildRules = (
			);
			dependencies = (
			);
			name = Photorama;
			productName = Photorama;
			productReference = 8BB17693240D62B10082EFCC /* Photorama.app */;
			productType = "com.apple.product-type.application";
		};
		8BB176A8240D62B30082EFCC /* PhotoramaTests */ = {
			isa = PBXNativeTarget;
			buildConfigurationList = 8BB176C0240D62B30082EFCC /* Build configuration list for PBXNativeTarget "PhotoramaTests" */;
			buildPhases = (
				8BB176A5240D62B30082EFCC /* Sources */,
				8BB176A6240D62B30082EFCC /* Frameworks */,
				8BB176A7240D62B30082EFCC /* Resources */,
			);
			buildRules = (
			);
			dependencies = (
				8BB176AB240D62B30082EFCC /* PBXTargetDependency */,
			);
			name = PhotoramaTests;
			productName = PhotoramaTests;
			productReference = 8BB176A9240D62B30082EFCC /* PhotoramaTests.xctest */;
			productType = "com.apple.product-type.bundle.unit-test";
		};
		8BB176B3240D62B30082EFCC /* PhotoramaUITests */ = {
			isa = PBXNativeTarget;
			buildConfigurationList = 8BB176C3240D62B30082EFCC /* Build configuration list for PBXNativeTarget "PhotoramaUITests" */;
			buildPhases = (
				8BB176B0240D62B30082EFCC /* Sources */,
				8BB176B1240D62B30082EFCC /* Frameworks */,
				8BB176B2240D62B30082EFCC /* Resources */,
			);
			buildRules = (
			);
			dependencies = (
				8BB176B6240D62B30082EFCC /* PBXTargetDependency */,
			);
			name = PhotoramaUITests;
			productName = PhotoramaUITests;
			productReference = 8BB176B4240D62B30082EFCC /* PhotoramaUITests.xctest */;
			productType = "com.apple.product-type.bundle.ui-testing";
		};
/* End PBXNativeTarget section */

/* Begin PBXProject section */
		8BB1768B240D62B10082EFCC /* Project object */ = {
			isa = PBXProject;
			attributes = {
				LastSwiftUpdateCheck = 1130;
				LastUpgradeCheck = 1130;
				ORGANIZATIONNAME = "Brandon Hancock";
				TargetAttributes = {
					8BB17692240D62B10082EFCC = {
						CreatedOnToolsVersion = 11.3.1;
					};
					8BB176A8240D62B30082EFCC = {
						CreatedOnToolsVersion = 11.3.1;
						TestTargetID = 8BB17692240D62B10082EFCC;
					};
					8BB176B3240D62B30082EFCC = {
						CreatedOnToolsVersion = 11.3.1;
						TestTargetID = 8BB17692240D62B10082EFCC;
					};
				};
			};
			buildConfigurationList = 8BB1768E240D62B10082EFCC /* Build configuration list for PBXProject "Photorama" */;
			compatibilityVersion = "Xcode 9.3";
			developmentRegion = en;
			hasScannedForEncodings = 0;
			knownRegions = (
				en,
				Base,
			);
			mainGroup = 8BB1768A240D62B10082EFCC;
			productRefGroup = 8BB17694240D62B10082EFCC /* Products */;
			projectDirPath = "";
			projectRoot = "";
			targets = (
				8BB17692240D62B10082EFCC /* Photorama */,
				8BB176A8240D62B30082EFCC /* PhotoramaTests */,
				8BB176B3240D62B30082EFCC /* PhotoramaUITests */,
			);
		};
/* End PBXProject section */

/* Begin PBXResourcesBuildPhase section */
		8BB17691240D62B10082EFCC /* Resources */ = {
			isa = PBXResourcesBuildPhase;
			buildActionMask = 2147483647;
			files = (
				8BB176A3240D62B20082EFCC /* LaunchScreen.storyboard in Resources */,
				8BB176A0240D62B20082EFCC /* Assets.xcassets in Resources */,
				8BB1769E240D62B10082EFCC /* Main.storyboard in Resources */,
			);
			runOnlyForDeploymentPostprocessing = 0;
		};
		8BB176A7240D62B30082EFCC /* Resources */ = {
			isa = PBXResourcesBuildPhase;
			buildActionMask = 2147483647;
			files = (
			);
			runOnlyForDeploymentPostprocessing = 0;
		};
		8BB176B2240D62B30082EFCC /* Resources */ = {
			isa = PBXResourcesBuildPhase;
			buildActionMask = 2147483647;
			files = (
			);
			runOnlyForDeploymentPostprocessing = 0;
		};
/* End PBXResourcesBuildPhase section */

/* Begin PBXSourcesBuildPhase section */
		8BB1768F240D62B10082EFCC /* Sources */ = {
			isa = PBXSourcesBuildPhase;
			buildActionMask = 2147483647;
			files = (
				8BCA6BC9240F790400F18A1D /* PhotoStore.swift in Sources */,
				8BB176C7240D64CD0082EFCC /* PhotosViewController.swift in Sources */,
				8BB17697240D62B10082EFCC /* AppDelegate.swift in Sources */,
				8BB176C9240E3B9E0082EFCC /* FlickrAPI.swift in Sources */,
				8BF5859F2410DC8E00FEB636 /* Photo.swift in Sources */,
			);
			runOnlyForDeploymentPostprocessing = 0;
		};
		8BB176A5240D62B30082EFCC /* Sources */ = {
			isa = PBXSourcesBuildPhase;
			buildActionMask = 2147483647;
			files = (
				8BB176AE240D62B30082EFCC /* PhotoramaTests.swift in Sources */,
			);
			runOnlyForDeploymentPostprocessing = 0;
		};
		8BB176B0240D62B30082EFCC /* Sources */ = {
			isa = PBXSourcesBuildPhase;
			buildActionMask = 2147483647;
			files = (
				8BB176B9240D62B30082EFCC /* PhotoramaUITests.swift in Sources */,
			);
			runOnlyForDeploymentPostprocessing = 0;
		};
/* End PBXSourcesBuildPhase section */

/* Begin PBXTargetDependency section */
		8BB176AB240D62B30082EFCC /* PBXTargetDependency */ = {
			isa = PBXTargetDependency;
			target = 8BB17692240D62B10082EFCC /* Photorama */;
			targetProxy = 8BB176AA240D62B30082EFCC /* PBXContainerItemProxy */;
		};
		8BB176B6240D62B30082EFCC /* PBXTargetDependency */ = {
			isa = PBXTargetDependency;
			target = 8BB17692240D62B10082EFCC /* Photorama */;
			targetProxy = 8BB176B5240D62B30082EFCC /* PBXContainerItemProxy */;
		};
/* End PBXTargetDependency section */

/* Begin PBXVariantGroup section */
		8BB1769C240D62B10082EFCC /* Main.storyboard */ = {
			isa = PBXVariantGroup;
			children = (
				8BB1769D240D62B10082EFCC /* Base */,
			);
			name = Main.storyboard;
			sourceTree = "<group>";
		};
		8BB176A1240D62B20082EFCC /* LaunchScreen.storyboard */ = {
			isa = PBXVariantGroup;
			children = (
				8BB176A2240D62B20082EFCC /* Base */,
			);
			name = LaunchScreen.storyboard;
			sourceTree = "<group>";
		};
/* End PBXVariantGroup section */

/* Begin XCBuildConfiguration section */
		8BB176BB240D62B30082EFCC /* Debug */ = {
			isa = XCBuildConfiguration;
			buildSettings = {
				ALWAYS_SEARCH_USER_PATHS = NO;
				CLANG_ANALYZER_NONNULL = YES;
				CLANG_ANALYZER_NUMBER_OBJECT_CONVERSION = YES_AGGRESSIVE;
				CLANG_CXX_LANGUAGE_STANDARD = "gnu++14";
				CLANG_CXX_LIBRARY = "libc++";
				CLANG_ENABLE_MODULES = YES;
				CLANG_ENABLE_OBJC_ARC = YES;
				CLANG_ENABLE_OBJC_WEAK = YES;
				CLANG_WARN_BLOCK_CAPTURE_AUTORELEASING = YES;
				CLANG_WARN_BOOL_CONVERSION = YES;
				CLANG_WARN_COMMA = YES;
				CLANG_WARN_CONSTANT_CONVERSION = YES;
				CLANG_WARN_DEPRECATED_OBJC_IMPLEMENTATIONS = YES;
				CLANG_WARN_DIRECT_OBJC_ISA_USAGE = YES_ERROR;
				CLANG_WARN_DOCUMENTATION_COMMENTS = YES;
				CLANG_WARN_EMPTY_BODY = YES;
				CLANG_WARN_ENUM_CONVERSION = YES;
				CLANG_WARN_INFINITE_RECURSION = YES;
				CLANG_WARN_INT_CONVERSION = YES;
				CLANG_WARN_NON_LITERAL_NULL_CONVERSION = YES;
				CLANG_WARN_OBJC_IMPLICIT_RETAIN_SELF = YES;
				CLANG_WARN_OBJC_LITERAL_CONVERSION = YES;
				CLANG_WARN_OBJC_ROOT_CLASS = YES_ERROR;
				CLANG_WARN_RANGE_LOOP_ANALYSIS = YES;
				CLANG_WARN_STRICT_PROTOTYPES = YES;
				CLANG_WARN_SUSPICIOUS_MOVE = YES;
				CLANG_WARN_UNGUARDED_AVAILABILITY = YES_AGGRESSIVE;
				CLANG_WARN_UNREACHABLE_CODE = YES;
				CLANG_WARN__DUPLICATE_METHOD_MATCH = YES;
				COPY_PHASE_STRIP = NO;
				DEBUG_INFORMATION_FORMAT = dwarf;
				ENABLE_STRICT_OBJC_MSGSEND = YES;
				ENABLE_TESTABILITY = YES;
				GCC_C_LANGUAGE_STANDARD = gnu11;
				GCC_DYNAMIC_NO_PIC = NO;
				GCC_NO_COMMON_BLOCKS = YES;
				GCC_OPTIMIZATION_LEVEL = 0;
				GCC_PREPROCESSOR_DEFINITIONS = (
					"DEBUG=1",
					"$(inherited)",
				);
				GCC_WARN_64_TO_32_BIT_CONVERSION = YES;
				GCC_WARN_ABOUT_RETURN_TYPE = YES_ERROR;
				GCC_WARN_UNDECLARED_SELECTOR = YES;
				GCC_WARN_UNINITIALIZED_AUTOS = YES_AGGRESSIVE;
				GCC_WARN_UNUSED_FUNCTION = YES;
				GCC_WARN_UNUSED_VARIABLE = YES;
				IPHONEOS_DEPLOYMENT_TARGET = 13.2;
				MTL_ENABLE_DEBUG_INFO = INCLUDE_SOURCE;
				MTL_FAST_MATH = YES;
				ONLY_ACTIVE_ARCH = YES;
				SDKROOT = iphoneos;
				SWIFT_ACTIVE_COMPILATION_CONDITIONS = DEBUG;
				SWIFT_OPTIMIZATION_LEVEL = "-Onone";
			};
			name = Debug;
		};
		8BB176BC240D62B30082EFCC /* Release */ = {
			isa = XCBuildConfiguration;
			buildSettings = {
				ALWAYS_SEARCH_USER_PATHS = NO;
				CLANG_ANALYZER_NONNULL = YES;
				CLANG_ANALYZER_NUMBER_OBJECT_CONVERSION = YES_AGGRESSIVE;
				CLANG_CXX_LANGUAGE_STANDARD = "gnu++14";
				CLANG_CXX_LIBRARY = "libc++";
				CLANG_ENABLE_MODULES = YES;
				CLANG_ENABLE_OBJC_ARC = YES;
				CLANG_ENABLE_OBJC_WEAK = YES;
				CLANG_WARN_BLOCK_CAPTURE_AUTORELEASING = YES;
				CLANG_WARN_BOOL_CONVERSION = YES;
				CLANG_WARN_COMMA = YES;
				CLANG_WARN_CONSTANT_CONVERSION = YES;
				CLANG_WARN_DEPRECATED_OBJC_IMPLEMENTATIONS = YES;
				CLANG_WARN_DIRECT_OBJC_ISA_USAGE = YES_ERROR;
				CLANG_WARN_DOCUMENTATION_COMMENTS = YES;
				CLANG_WARN_EMPTY_BODY = YES;
				CLANG_WARN_ENUM_CONVERSION = YES;
				CLANG_WARN_INFINITE_RECURSION = YES;
				CLANG_WARN_INT_CONVERSION = YES;
				CLANG_WARN_NON_LITERAL_NULL_CONVERSION = YES;
				CLANG_WARN_OBJC_IMPLICIT_RETAIN_SELF = YES;
				CLANG_WARN_OBJC_LITERAL_CONVERSION = YES;
				CLANG_WARN_OBJC_ROOT_CLASS = YES_ERROR;
				CLANG_WARN_RANGE_LOOP_ANALYSIS = YES;
				CLANG_WARN_STRICT_PROTOTYPES = YES;
				CLANG_WARN_SUSPICIOUS_MOVE = YES;
				CLANG_WARN_UNGUARDED_AVAILABILITY = YES_AGGRESSIVE;
				CLANG_WARN_UNREACHABLE_CODE = YES;
				CLANG_WARN__DUPLICATE_METHOD_MATCH = YES;
				COPY_PHASE_STRIP = NO;
				DEBUG_INFORMATION_FORMAT = "dwarf-with-dsym";
				ENABLE_NS_ASSERTIONS = NO;
				ENABLE_STRICT_OBJC_MSGSEND = YES;
				GCC_C_LANGUAGE_STANDARD = gnu11;
				GCC_NO_COMMON_BLOCKS = YES;
				GCC_WARN_64_TO_32_BIT_CONVERSION = YES;
				GCC_WARN_ABOUT_RETURN_TYPE = YES_ERROR;
				GCC_WARN_UNDECLARED_SELECTOR = YES;
				GCC_WARN_UNINITIALIZED_AUTOS = YES_AGGRESSIVE;
				GCC_WARN_UNUSED_FUNCTION = YES;
				GCC_WARN_UNUSED_VARIABLE = YES;
				IPHONEOS_DEPLOYMENT_TARGET = 13.2;
				MTL_ENABLE_DEBUG_INFO = NO;
				MTL_FAST_MATH = YES;
				SDKROOT = iphoneos;
				SWIFT_COMPILATION_MODE = wholemodule;
				SWIFT_OPTIMIZATION_LEVEL = "-O";
				VALIDATE_PRODUCT = YES;
			};
			name = Release;
		};
		8BB176BE240D62B30082EFCC /* Debug */ = {
			isa = XCBuildConfiguration;
			buildSettings = {
				ASSETCATALOG_COMPILER_APPICON_NAME = AppIcon;
				CODE_SIGN_STYLE = Automatic;
				INFOPLIST_FILE = Photorama/Info.plist;
				IPHONEOS_DEPLOYMENT_TARGET = 13.2;
				LD_RUNPATH_SEARCH_PATHS = (
					"$(inherited)",
					"@executable_path/Frameworks",
				);
				PRODUCT_BUNDLE_IDENTIFIER = com.bhancock.Photorama;
				PRODUCT_NAME = "$(TARGET_NAME)";
				SWIFT_VERSION = 5.0;
				TARGETED_DEVICE_FAMILY = "1,2";
			};
			name = Debug;
		};
		8BB176BF240D62B30082EFCC /* Release */ = {
			isa = XCBuildConfiguration;
			buildSettings = {
				ASSETCATALOG_COMPILER_APPICON_NAME = AppIcon;
				CODE_SIGN_STYLE = Automatic;
				INFOPLIST_FILE = Photorama/Info.plist;
				IPHONEOS_DEPLOYMENT_TARGET = 13.2;
				LD_RUNPATH_SEARCH_PATHS = (
					"$(inherited)",
					"@executable_path/Frameworks",
				);
				PRODUCT_BUNDLE_IDENTIFIER = com.bhancock.Photorama;
				PRODUCT_NAME = "$(TARGET_NAME)";
				SWIFT_VERSION = 5.0;
				TARGETED_DEVICE_FAMILY = "1,2";
			};
			name = Release;
		};
		8BB176C1240D62B30082EFCC /* Debug */ = {
			isa = XCBuildConfiguration;
			buildSettings = {
				ALWAYS_EMBED_SWIFT_STANDARD_LIBRARIES = YES;
				BUNDLE_LOADER = "$(TEST_HOST)";
				CODE_SIGN_STYLE = Automatic;
				INFOPLIST_FILE = PhotoramaTests/Info.plist;
				IPHONEOS_DEPLOYMENT_TARGET = 13.2;
				LD_RUNPATH_SEARCH_PATHS = (
					"$(inherited)",
					"@executable_path/Frameworks",
					"@loader_path/Frameworks",
				);
				PRODUCT_BUNDLE_IDENTIFIER = com.bhancock.PhotoramaTests;
				PRODUCT_NAME = "$(TARGET_NAME)";
				SWIFT_VERSION = 5.0;
				TARGETED_DEVICE_FAMILY = "1,2";
				TEST_HOST = "$(BUILT_PRODUCTS_DIR)/Photorama.app/Photorama";
			};
			name = Debug;
		};
		8BB176C2240D62B30082EFCC /* Release */ = {
			isa = XCBuildConfiguration;
			buildSettings = {
				ALWAYS_EMBED_SWIFT_STANDARD_LIBRARIES = YES;
				BUNDLE_LOADER = "$(TEST_HOST)";
				CODE_SIGN_STYLE = Automatic;
				INFOPLIST_FILE = PhotoramaTests/Info.plist;
				IPHONEOS_DEPLOYMENT_TARGET = 13.2;
				LD_RUNPATH_SEARCH_PATHS = (
					"$(inherited)",
					"@executable_path/Frameworks",
					"@loader_path/Frameworks",
				);
				PRODUCT_BUNDLE_IDENTIFIER = com.bhancock.PhotoramaTests;
				PRODUCT_NAME = "$(TARGET_NAME)";
				SWIFT_VERSION = 5.0;
				TARGETED_DEVICE_FAMILY = "1,2";
				TEST_HOST = "$(BUILT_PRODUCTS_DIR)/Photorama.app/Photorama";
			};
			name = Release;
		};
		8BB176C4240D62B30082EFCC /* Debug */ = {
			isa = XCBuildConfiguration;
			buildSettings = {
				ALWAYS_EMBED_SWIFT_STANDARD_LIBRARIES = YES;
				CODE_SIGN_STYLE = Automatic;
				INFOPLIST_FILE = PhotoramaUITests/Info.plist;
				LD_RUNPATH_SEARCH_PATHS = (
					"$(inherited)",
					"@executable_path/Frameworks",
					"@loader_path/Frameworks",
				);
				PRODUCT_BUNDLE_IDENTIFIER = com.bhancock.PhotoramaUITests;
				PRODUCT_NAME = "$(TARGET_NAME)";
				SWIFT_VERSION = 5.0;
				TARGETED_DEVICE_FAMILY = "1,2";
				TEST_TARGET_NAME = Photorama;
			};
			name = Debug;
		};
		8BB176C5240D62B30082EFCC /* Release */ = {
			isa = XCBuildConfiguration;
			buildSettings = {
				ALWAYS_EMBED_SWIFT_STANDARD_LIBRARIES = YES;
				CODE_SIGN_STYLE = Automatic;
				INFOPLIST_FILE = PhotoramaUITests/Info.plist;
				LD_RUNPATH_SEARCH_PATHS = (
					"$(inherited)",
					"@executable_path/Frameworks",
					"@loader_path/Frameworks",
				);
				PRODUCT_BUNDLE_IDENTIFIER = com.bhancock.PhotoramaUITests;
				PRODUCT_NAME = "$(TARGET_NAME)";
				SWIFT_VERSION = 5.0;
				TARGETED_DEVICE_FAMILY = "1,2";
				TEST_TARGET_NAME = Photorama;
			};
			name = Release;
		};
/* End XCBuildConfiguration section */

/* Begin XCConfigurationList section */
		8BB1768E240D62B10082EFCC /* Build configuration list for PBXProject "Photorama" */ = {
			isa = XCConfigurationList;
			buildConfigurations = (
				8BB176BB240D62B30082EFCC /* Debug */,
				8BB176BC240D62B30082EFCC /* Release */,
			);
			defaultConfigurationIsVisible = 0;
			defaultConfigurationName = Release;
		};
		8BB176BD240D62B30082EFCC /* Build configuration list for PBXNativeTarget "Photorama" */ = {
			isa = XCConfigurationList;
			buildConfigurations = (
				8BB176BE240D62B30082EFCC /* Debug */,
				8BB176BF240D62B30082EFCC /* Release */,
			);
			defaultConfigurationIsVisible = 0;
			defaultConfigurationName = Release;
		};
		8BB176C0240D62B30082EFCC /* Build configuration list for PBXNativeTarget "PhotoramaTests" */ = {
			isa = XCConfigurationList;
			buildConfigurations = (
				8BB176C1240D62B30082EFCC /* Debug */,
				8BB176C2240D62B30082EFCC /* Release */,
			);
			defaultConfigurationIsVisible = 0;
			defaultConfigurationName = Release;
		};
		8BB176C3240D62B30082EFCC /* Build configuration list for PBXNativeTarget "PhotoramaUITests" */ = {
			isa = XCConfigurationList;
			buildConfigurations = (
				8BB176C4240D62B30082EFCC /* Debug */,
				8BB176C5240D62B30082EFCC /* Release */,
			);
			defaultConfigurationIsVisible = 0;
			defaultConfigurationName = Release;
		};
/* End XCConfigurationList section */
	};
	rootObject = 8BB1768B240D62B10082EFCC /* Project object */;
}
