// !$*UTF8*$!
{
	archiveVersion = 1;
	classes = {
	};
	objectVersion = 50;
	objects = {

/* Begin PBXBuildFile section */
		8B4958E923E5721A0079BE77 /* Main.storyboard in Resources */ = {isa = PBXBuildFile; fileRef = 8B4958E723E5721A0079BE77 /* Main.storyboard */; };
		8B4958EB23E5721D0079BE77 /* Assets.xcassets in Resources */ = {isa = PBXBuildFile; fileRef = 8B4958EA23E5721D0079BE77 /* Assets.xcassets */; };
		8B4958EE23E5721D0079BE77 /* LaunchScreen.storyboard in Resources */ = {isa = PBXBuildFile; fileRef = 8B4958EC23E5721D0079BE77 /* LaunchScreen.storyboard */; };
		8B4958F923E5721D0079BE77 /* HomepwnerTests.swift in Sources */ = {isa = PBXBuildFile; fileRef = 8B4958F823E5721D0079BE77 /* HomepwnerTests.swift */; };
		8B49590423E5721D0079BE77 /* HomepwnerUITests.swift in Sources */ = {isa = PBXBuildFile; fileRef = 8B49590323E5721D0079BE77 /* HomepwnerUITests.swift */; };
		8B49591223E572C10079BE77 /* ItemsViewController.swift in Sources */ = {isa = PBXBuildFile; fileRef = 8B49591123E572C10079BE77 /* ItemsViewController.swift */; };
		8B49591423E5F24F0079BE77 /* Items.swift in Sources */ = {isa = PBXBuildFile; fileRef = 8B49591323E5F24F0079BE77 /* Items.swift */; };
		8B49591623E606DD0079BE77 /* ItemStore.swift in Sources */ = {isa = PBXBuildFile; fileRef = 8B49591523E606DD0079BE77 /* ItemStore.swift */; };
		8B49591923E60BE90079BE77 /* AppDelegate.swift in Sources */ = {isa = PBXBuildFile; fileRef = 8B4958E123E5721A0079BE77 /* AppDelegate.swift */; };
/* End PBXBuildFile section */

/* Begin PBXContainerItemProxy section */
		8B4958F523E5721D0079BE77 /* PBXContainerItemProxy */ = {
			isa = PBXContainerItemProxy;
			containerPortal = 8B4958D623E5721A0079BE77 /* Project object */;
			proxyType = 1;
			remoteGlobalIDString = 8B4958DD23E5721A0079BE77;
			remoteInfo = Homepwner;
		};
		8B49590023E5721D0079BE77 /* PBXContainerItemProxy */ = {
			isa = PBXContainerItemProxy;
			containerPortal = 8B4958D623E5721A0079BE77 /* Project object */;
			proxyType = 1;
			remoteGlobalIDString = 8B4958DD23E5721A0079BE77;
			remoteInfo = Homepwner;
		};
/* End PBXContainerItemProxy section */

/* Begin PBXFileReference section */
		8B4958DE23E5721A0079BE77 /* Homepwner.app */ = {isa = PBXFileReference; explicitFileType = wrapper.application; includeInIndex = 0; path = Homepwner.app; sourceTree = BUILT_PRODUCTS_DIR; };
		8B4958E123E5721A0079BE77 /* AppDelegate.swift */ = {isa = PBXFileReference; lastKnownFileType = sourcecode.swift; path = AppDelegate.swift; sourceTree = "<group>"; };
		8B4958E823E5721A0079BE77 /* Base */ = {isa = PBXFileReference; lastKnownFileType = file.storyboard; name = Base; path = Base.lproj/Main.storyboard; sourceTree = "<group>"; };
		8B4958EA23E5721D0079BE77 /* Assets.xcassets */ = {isa = PBXFileReference; lastKnownFileType = folder.assetcatalog; path = Assets.xcassets; sourceTree = "<group>"; };
		8B4958ED23E5721D0079BE77 /* Base */ = {isa = PBXFileReference; lastKnownFileType = file.storyboard; name = Base; path = Base.lproj/LaunchScreen.storyboard; sourceTree = "<group>"; };
		8B4958EF23E5721D0079BE77 /* Info.plist */ = {isa = PBXFileReference; lastKnownFileType = text.plist.xml; path = Info.plist; sourceTree = "<group>"; };
		8B4958F423E5721D0079BE77 /* HomepwnerTests.xctest */ = {isa = PBXFileReference; explicitFileType = wrapper.cfbundle; includeInIndex = 0; path = HomepwnerTests.xctest; sourceTree = BUILT_PRODUCTS_DIR; };
		8B4958F823E5721D0079BE77 /* HomepwnerTests.swift */ = {isa = PBXFileReference; lastKnownFileType = sourcecode.swift; path = HomepwnerTests.swift; sourceTree = "<group>"; };
		8B4958FA23E5721D0079BE77 /* Info.plist */ = {isa = PBXFileReference; lastKnownFileType = text.plist.xml; path = Info.plist; sourceTree = "<group>"; };
		8B4958FF23E5721D0079BE77 /* HomepwnerUITests.xctest */ = {isa = PBXFileReference; explicitFileType = wrapper.cfbundle; includeInIndex = 0; path = HomepwnerUITests.xctest; sourceTree = BUILT_PRODUCTS_DIR; };
		8B49590323E5721D0079BE77 /* HomepwnerUITests.swift */ = {isa = PBXFileReference; lastKnownFileType = sourcecode.swift; path = HomepwnerUITests.swift; sourceTree = "<group>"; };
		8B49590523E5721D0079BE77 /* Info.plist */ = {isa = PBXFileReference; lastKnownFileType = text.plist.xml; path = Info.plist; sourceTree = "<group>"; };
		8B49591123E572C10079BE77 /* ItemsViewController.swift */ = {isa = PBXFileReference; lastKnownFileType = sourcecode.swift; path = ItemsViewController.swift; sourceTree = "<group>"; };
		8B49591323E5F24F0079BE77 /* Items.swift */ = {isa = PBXFileReference; lastKnownFileType = sourcecode.swift; path = Items.swift; sourceTree = "<group>"; };
		8B49591523E606DD0079BE77 /* ItemStore.swift */ = {isa = PBXFileReference; lastKnownFileType = sourcecode.swift; path = ItemStore.swift; sourceTree = "<group>"; };
/* End PBXFileReference section */

/* Begin PBXFrameworksBuildPhase section */
		8B4958DB23E5721A0079BE77 /* Frameworks */ = {
			isa = PBXFrameworksBuildPhase;
			buildActionMask = 2147483647;
			files = (
			);
			runOnlyForDeploymentPostprocessing = 0;
		};
		8B4958F123E5721D0079BE77 /* Frameworks */ = {
			isa = PBXFrameworksBuildPhase;
			buildActionMask = 2147483647;
			files = (
			);
			runOnlyForDeploymentPostprocessing = 0;
		};
		8B4958FC23E5721D0079BE77 /* Frameworks */ = {
			isa = PBXFrameworksBuildPhase;
			buildActionMask = 2147483647;
			files = (
			);
			runOnlyForDeploymentPostprocessing = 0;
		};
/* End PBXFrameworksBuildPhase section */

/* Begin PBXGroup section */
		8B4958D523E5721A0079BE77 = {
			isa = PBXGroup;
			children = (
				8B4958E023E5721A0079BE77 /* Homepwner */,
				8B4958F723E5721D0079BE77 /* HomepwnerTests */,
				8B49590223E5721D0079BE77 /* HomepwnerUITests */,
				8B4958DF23E5721A0079BE77 /* Products */,
			);
			sourceTree = "<group>";
		};
		8B4958DF23E5721A0079BE77 /* Products */ = {
			isa = PBXGroup;
			children = (
				8B4958DE23E5721A0079BE77 /* Homepwner.app */,
				8B4958F423E5721D0079BE77 /* HomepwnerTests.xctest */,
				8B4958FF23E5721D0079BE77 /* HomepwnerUITests.xctest */,
			);
			name = Products;
			sourceTree = "<group>";
		};
		8B4958E023E5721A0079BE77 /* Homepwner */ = {
			isa = PBXGroup;
			children = (
				8B4958E123E5721A0079BE77 /* AppDelegate.swift */,
				8B4958E723E5721A0079BE77 /* Main.storyboard */,
				8B4958EA23E5721D0079BE77 /* Assets.xcassets */,
				8B4958EC23E5721D0079BE77 /* LaunchScreen.storyboard */,
				8B4958EF23E5721D0079BE77 /* Info.plist */,
				8B49591123E572C10079BE77 /* ItemsViewController.swift */,
				8B49591323E5F24F0079BE77 /* Items.swift */,
				8B49591523E606DD0079BE77 /* ItemStore.swift */,
			);
			path = Homepwner;
			sourceTree = "<group>";
		};
		8B4958F723E5721D0079BE77 /* HomepwnerTests */ = {
			isa = PBXGroup;
			children = (
				8B4958F823E5721D0079BE77 /* HomepwnerTests.swift */,
				8B4958FA23E5721D0079BE77 /* Info.plist */,
			);
			path = HomepwnerTests;
			sourceTree = "<group>";
		};
		8B49590223E5721D0079BE77 /* HomepwnerUITests */ = {
			isa = PBXGroup;
			children = (
				8B49590323E5721D0079BE77 /* HomepwnerUITests.swift */,
				8B49590523E5721D0079BE77 /* Info.plist */,
			);
			path = HomepwnerUITests;
			sourceTree = "<group>";
		};
/* End PBXGroup section */

/* Begin PBXNativeTarget section */
		8B4958DD23E5721A0079BE77 /* Homepwner */ = {
			isa = PBXNativeTarget;
			buildConfigurationList = 8B49590823E5721D0079BE77 /* Build configuration list for PBXNativeTarget "Homepwner" */;
			buildPhases = (
				8B4958DA23E5721A0079BE77 /* Sources */,
				8B4958DB23E5721A0079BE77 /* Frameworks */,
				8B4958DC23E5721A0079BE77 /* Resources */,
			);
			buildRules = (
			);
			dependencies = (
			);
			name = Homepwner;
			productName = Homepwner;
			productReference = 8B4958DE23E5721A0079BE77 /* Homepwner.app */;
			productType = "com.apple.product-type.application";
		};
		8B4958F323E5721D0079BE77 /* HomepwnerTests */ = {
			isa = PBXNativeTarget;
			buildConfigurationList = 8B49590B23E5721D0079BE77 /* Build configuration list for PBXNativeTarget "HomepwnerTests" */;
			buildPhases = (
				8B4958F023E5721D0079BE77 /* Sources */,
				8B4958F123E5721D0079BE77 /* Frameworks */,
				8B4958F223E5721D0079BE77 /* Resources */,
			);
			buildRules = (
			);
			dependencies = (
				8B4958F623E5721D0079BE77 /* PBXTargetDependency */,
			);
			name = HomepwnerTests;
			productName = HomepwnerTests;
			productReference = 8B4958F423E5721D0079BE77 /* HomepwnerTests.xctest */;
			productType = "com.apple.product-type.bundle.unit-test";
		};
		8B4958FE23E5721D0079BE77 /* HomepwnerUITests */ = {
			isa = PBXNativeTarget;
			buildConfigurationList = 8B49590E23E5721D0079BE77 /* Build configuration list for PBXNativeTarget "HomepwnerUITests" */;
			buildPhases = (
				8B4958FB23E5721D0079BE77 /* Sources */,
				8B4958FC23E5721D0079BE77 /* Frameworks */,
				8B4958FD23E5721D0079BE77 /* Resources */,
			);
			buildRules = (
			);
			dependencies = (
				8B49590123E5721D0079BE77 /* PBXTargetDependency */,
			);
			name = HomepwnerUITests;
			productName = HomepwnerUITests;
			productReference = 8B4958FF23E5721D0079BE77 /* HomepwnerUITests.xctest */;
			productType = "com.apple.product-type.bundle.ui-testing";
		};
/* End PBXNativeTarget section */

/* Begin PBXProject section */
		8B4958D623E5721A0079BE77 /* Project object */ = {
			isa = PBXProject;
			attributes = {
				LastSwiftUpdateCheck = 1130;
				LastUpgradeCheck = 1130;
				ORGANIZATIONNAME = "Brandon Hancock";
				TargetAttributes = {
					8B4958DD23E5721A0079BE77 = {
						CreatedOnToolsVersion = 11.3.1;
					};
					8B4958F323E5721D0079BE77 = {
						CreatedOnToolsVersion = 11.3.1;
						TestTargetID = 8B4958DD23E5721A0079BE77;
					};
					8B4958FE23E5721D0079BE77 = {
						CreatedOnToolsVersion = 11.3.1;
						TestTargetID = 8B4958DD23E5721A0079BE77;
					};
				};
			};
			buildConfigurationList = 8B4958D923E5721A0079BE77 /* Build configuration list for PBXProject "Homepwner" */;
			compatibilityVersion = "Xcode 9.3";
			developmentRegion = en;
			hasScannedForEncodings = 0;
			knownRegions = (
				en,
				Base,
			);
			mainGroup = 8B4958D523E5721A0079BE77;
			productRefGroup = 8B4958DF23E5721A0079BE77 /* Products */;
			projectDirPath = "";
			projectRoot = "";
			targets = (
				8B4958DD23E5721A0079BE77 /* Homepwner */,
				8B4958F323E5721D0079BE77 /* HomepwnerTests */,
				8B4958FE23E5721D0079BE77 /* HomepwnerUITests */,
			);
		};
/* End PBXProject section */

/* Begin PBXResourcesBuildPhase section */
		8B4958DC23E5721A0079BE77 /* Resources */ = {
			isa = PBXResourcesBuildPhase;
			buildActionMask = 2147483647;
			files = (
				8B4958EE23E5721D0079BE77 /* LaunchScreen.storyboard in Resources */,
				8B4958EB23E5721D0079BE77 /* Assets.xcassets in Resources */,
				8B4958E923E5721A0079BE77 /* Main.storyboard in Resources */,
			);
			runOnlyForDeploymentPostprocessing = 0;
		};
		8B4958F223E5721D0079BE77 /* Resources */ = {
			isa = PBXResourcesBuildPhase;
			buildActionMask = 2147483647;
			files = (
			);
			runOnlyForDeploymentPostprocessing = 0;
		};
		8B4958FD23E5721D0079BE77 /* Resources */ = {
			isa = PBXResourcesBuildPhase;
			buildActionMask = 2147483647;
			files = (
			);
			runOnlyForDeploymentPostprocessing = 0;
		};
/* End PBXResourcesBuildPhase section */

/* Begin PBXSourcesBuildPhase section */
		8B4958DA23E5721A0079BE77 /* Sources */ = {
			isa = PBXSourcesBuildPhase;
			buildActionMask = 2147483647;
			files = (
				8B49591423E5F24F0079BE77 /* Items.swift in Sources */,
				8B49591223E572C10079BE77 /* ItemsViewController.swift in Sources */,
				8B49591623E606DD0079BE77 /* ItemStore.swift in Sources */,
				8B49591923E60BE90079BE77 /* AppDelegate.swift in Sources */,
			);
			runOnlyForDeploymentPostprocessing = 0;
		};
		8B4958F023E5721D0079BE77 /* Sources */ = {
			isa = PBXSourcesBuildPhase;
			buildActionMask = 2147483647;
			files = (
				8B4958F923E5721D0079BE77 /* HomepwnerTests.swift in Sources */,
			);
			runOnlyForDeploymentPostprocessing = 0;
		};
		8B4958FB23E5721D0079BE77 /* Sources */ = {
			isa = PBXSourcesBuildPhase;
			buildActionMask = 2147483647;
			files = (
				8B49590423E5721D0079BE77 /* HomepwnerUITests.swift in Sources */,
			);
			runOnlyForDeploymentPostprocessing = 0;
		};
/* End PBXSourcesBuildPhase section */

/* Begin PBXTargetDependency section */
		8B4958F623E5721D0079BE77 /* PBXTargetDependency */ = {
			isa = PBXTargetDependency;
			target = 8B4958DD23E5721A0079BE77 /* Homepwner */;
			targetProxy = 8B4958F523E5721D0079BE77 /* PBXContainerItemProxy */;
		};
		8B49590123E5721D0079BE77 /* PBXTargetDependency */ = {
			isa = PBXTargetDependency;
			target = 8B4958DD23E5721A0079BE77 /* Homepwner */;
			targetProxy = 8B49590023E5721D0079BE77 /* PBXContainerItemProxy */;
		};
/* End PBXTargetDependency section */

/* Begin PBXVariantGroup section */
		8B4958E723E5721A0079BE77 /* Main.storyboard */ = {
			isa = PBXVariantGroup;
			children = (
				8B4958E823E5721A0079BE77 /* Base */,
			);
			name = Main.storyboard;
			sourceTree = "<group>";
		};
		8B4958EC23E5721D0079BE77 /* LaunchScreen.storyboard */ = {
			isa = PBXVariantGroup;
			children = (
				8B4958ED23E5721D0079BE77 /* Base */,
			);
			name = LaunchScreen.storyboard;
			sourceTree = "<group>";
		};
/* End PBXVariantGroup section */

/* Begin XCBuildConfiguration section */
		8B49590623E5721D0079BE77 /* Debug */ = {
			isa = XCBuildConfiguration;
			buildSettings = {
				ALWAYS_SEARCH_USER_PATHS = NO;
				CLANG_ANALYZER_NONNULL = YES;
				CLANG_ANALYZER_NUMBER_OBJECT_CONVERSION = YES_AGGRESSIVE;
				CLANG_CXX_LANGUAGE_STANDARD = "gnu++14";
				CLANG_CXX_LIBRARY = "libc++";
				CLANG_ENABLE_MODULES = YES;
				CLANG_ENABLE_OBJC_ARC = YES;
				CLANG_ENABLE_OBJC_WEAK = YES;
				CLANG_WARN_BLOCK_CAPTURE_AUTORELEASING = YES;
				CLANG_WARN_BOOL_CONVERSION = YES;
				CLANG_WARN_COMMA = YES;
				CLANG_WARN_CONSTANT_CONVERSION = YES;
				CLANG_WARN_DEPRECATED_OBJC_IMPLEMENTATIONS = YES;
				CLANG_WARN_DIRECT_OBJC_ISA_USAGE = YES_ERROR;
				CLANG_WARN_DOCUMENTATION_COMMENTS = YES;
				CLANG_WARN_EMPTY_BODY = YES;
				CLANG_WARN_ENUM_CONVERSION = YES;
				CLANG_WARN_INFINITE_RECURSION = YES;
				CLANG_WARN_INT_CONVERSION = YES;
				CLANG_WARN_NON_LITERAL_NULL_CONVERSION = YES;
				CLANG_WARN_OBJC_IMPLICIT_RETAIN_SELF = YES;
				CLANG_WARN_OBJC_LITERAL_CONVERSION = YES;
				CLANG_WARN_OBJC_ROOT_CLASS = YES_ERROR;
				CLANG_WARN_RANGE_LOOP_ANALYSIS = YES;
				CLANG_WARN_STRICT_PROTOTYPES = YES;
				CLANG_WARN_SUSPICIOUS_MOVE = YES;
				CLANG_WARN_UNGUARDED_AVAILABILITY = YES_AGGRESSIVE;
				CLANG_WARN_UNREACHABLE_CODE = YES;
				CLANG_WARN__DUPLICATE_METHOD_MATCH = YES;
				COPY_PHASE_STRIP = NO;
				DEBUG_INFORMATION_FORMAT = dwarf;
				ENABLE_STRICT_OBJC_MSGSEND = YES;
				ENABLE_TESTABILITY = YES;
				GCC_C_LANGUAGE_STANDARD = gnu11;
				GCC_DYNAMIC_NO_PIC = NO;
				GCC_NO_COMMON_BLOCKS = YES;
				GCC_OPTIMIZATION_LEVEL = 0;
				GCC_PREPROCESSOR_DEFINITIONS = (
					"DEBUG=1",
					"$(inherited)",
				);
				GCC_WARN_64_TO_32_BIT_CONVERSION = YES;
				GCC_WARN_ABOUT_RETURN_TYPE = YES_ERROR;
				GCC_WARN_UNDECLARED_SELECTOR = YES;
				GCC_WARN_UNINITIALIZED_AUTOS = YES_AGGRESSIVE;
				GCC_WARN_UNUSED_FUNCTION = YES;
				GCC_WARN_UNUSED_VARIABLE = YES;
				IPHONEOS_DEPLOYMENT_TARGET = 13.2;
				MTL_ENABLE_DEBUG_INFO = INCLUDE_SOURCE;
				MTL_FAST_MATH = YES;
				ONLY_ACTIVE_ARCH = YES;
				SDKROOT = iphoneos;
				SWIFT_ACTIVE_COMPILATION_CONDITIONS = DEBUG;
				SWIFT_OPTIMIZATION_LEVEL = "-Onone";
			};
			name = Debug;
		};
		8B49590723E5721D0079BE77 /* Release */ = {
			isa = XCBuildConfiguration;
			buildSettings = {
				ALWAYS_SEARCH_USER_PATHS = NO;
				CLANG_ANALYZER_NONNULL = YES;
				CLANG_ANALYZER_NUMBER_OBJECT_CONVERSION = YES_AGGRESSIVE;
				CLANG_CXX_LANGUAGE_STANDARD = "gnu++14";
				CLANG_CXX_LIBRARY = "libc++";
				CLANG_ENABLE_MODULES = YES;
				CLANG_ENABLE_OBJC_ARC = YES;
				CLANG_ENABLE_OBJC_WEAK = YES;
				CLANG_WARN_BLOCK_CAPTURE_AUTORELEASING = YES;
				CLANG_WARN_BOOL_CONVERSION = YES;
				CLANG_WARN_COMMA = YES;
				CLANG_WARN_CONSTANT_CONVERSION = YES;
				CLANG_WARN_DEPRECATED_OBJC_IMPLEMENTATIONS = YES;
				CLANG_WARN_DIRECT_OBJC_ISA_USAGE = YES_ERROR;
				CLANG_WARN_DOCUMENTATION_COMMENTS = YES;
				CLANG_WARN_EMPTY_BODY = YES;
				CLANG_WARN_ENUM_CONVERSION = YES;
				CLANG_WARN_INFINITE_RECURSION = YES;
				CLANG_WARN_INT_CONVERSION = YES;
				CLANG_WARN_NON_LITERAL_NULL_CONVERSION = YES;
				CLANG_WARN_OBJC_IMPLICIT_RETAIN_SELF = YES;
				CLANG_WARN_OBJC_LITERAL_CONVERSION = YES;
				CLANG_WARN_OBJC_ROOT_CLASS = YES_ERROR;
				CLANG_WARN_RANGE_LOOP_ANALYSIS = YES;
				CLANG_WARN_STRICT_PROTOTYPES = YES;
				CLANG_WARN_SUSPICIOUS_MOVE = YES;
				CLANG_WARN_UNGUARDED_AVAILABILITY = YES_AGGRESSIVE;
				CLANG_WARN_UNREACHABLE_CODE = YES;
				CLANG_WARN__DUPLICATE_METHOD_MATCH = YES;
				COPY_PHASE_STRIP = NO;
				DEBUG_INFORMATION_FORMAT = "dwarf-with-dsym";
				ENABLE_NS_ASSERTIONS = NO;
				ENABLE_STRICT_OBJC_MSGSEND = YES;
				GCC_C_LANGUAGE_STANDARD = gnu11;
				GCC_NO_COMMON_BLOCKS = YES;
				GCC_WARN_64_TO_32_BIT_CONVERSION = YES;
				GCC_WARN_ABOUT_RETURN_TYPE = YES_ERROR;
				GCC_WARN_UNDECLARED_SELECTOR = YES;
				GCC_WARN_UNINITIALIZED_AUTOS = YES_AGGRESSIVE;
				GCC_WARN_UNUSED_FUNCTION = YES;
				GCC_WARN_UNUSED_VARIABLE = YES;
				IPHONEOS_DEPLOYMENT_TARGET = 13.2;
				MTL_ENABLE_DEBUG_INFO = NO;
				MTL_FAST_MATH = YES;
				SDKROOT = iphoneos;
				SWIFT_COMPILATION_MODE = wholemodule;
				SWIFT_OPTIMIZATION_LEVEL = "-O";
				VALIDATE_PRODUCT = YES;
			};
			name = Release;
		};
		8B49590923E5721D0079BE77 /* Debug */ = {
			isa = XCBuildConfiguration;
			buildSettings = {
				ASSETCATALOG_COMPILER_APPICON_NAME = AppIcon;
				CODE_SIGN_STYLE = Automatic;
				INFOPLIST_FILE = Homepwner/Info.plist;
				IPHONEOS_DEPLOYMENT_TARGET = 13.2;
				LD_RUNPATH_SEARCH_PATHS = (
					"$(inherited)",
					"@executable_path/Frameworks",
				);
				PRODUCT_BUNDLE_IDENTIFIER = com.bhancock.Homepwner;
				PRODUCT_NAME = "$(TARGET_NAME)";
				SWIFT_VERSION = 5.0;
				TARGETED_DEVICE_FAMILY = "1,2";
			};
			name = Debug;
		};
		8B49590A23E5721D0079BE77 /* Release */ = {
			isa = XCBuildConfiguration;
			buildSettings = {
				ASSETCATALOG_COMPILER_APPICON_NAME = AppIcon;
				CODE_SIGN_STYLE = Automatic;
				INFOPLIST_FILE = Homepwner/Info.plist;
				IPHONEOS_DEPLOYMENT_TARGET = 13.2;
				LD_RUNPATH_SEARCH_PATHS = (
					"$(inherited)",
					"@executable_path/Frameworks",
				);
				PRODUCT_BUNDLE_IDENTIFIER = com.bhancock.Homepwner;
				PRODUCT_NAME = "$(TARGET_NAME)";
				SWIFT_VERSION = 5.0;
				TARGETED_DEVICE_FAMILY = "1,2";
			};
			name = Release;
		};
		8B49590C23E5721D0079BE77 /* Debug */ = {
			isa = XCBuildConfiguration;
			buildSettings = {
				ALWAYS_EMBED_SWIFT_STANDARD_LIBRARIES = YES;
				BUNDLE_LOADER = "$(TEST_HOST)";
				CODE_SIGN_STYLE = Automatic;
				INFOPLIST_FILE = HomepwnerTests/Info.plist;
				IPHONEOS_DEPLOYMENT_TARGET = 13.2;
				LD_RUNPATH_SEARCH_PATHS = (
					"$(inherited)",
					"@executable_path/Frameworks",
					"@loader_path/Frameworks",
				);
				PRODUCT_BUNDLE_IDENTIFIER = com.bhancock.HomepwnerTests;
				PRODUCT_NAME = "$(TARGET_NAME)";
				SWIFT_VERSION = 5.0;
				TARGETED_DEVICE_FAMILY = "1,2";
				TEST_HOST = "$(BUILT_PRODUCTS_DIR)/Homepwner.app/Homepwner";
			};
			name = Debug;
		};
		8B49590D23E5721D0079BE77 /* Release */ = {
			isa = XCBuildConfiguration;
			buildSettings = {
				ALWAYS_EMBED_SWIFT_STANDARD_LIBRARIES = YES;
				BUNDLE_LOADER = "$(TEST_HOST)";
				CODE_SIGN_STYLE = Automatic;
				INFOPLIST_FILE = HomepwnerTests/Info.plist;
				IPHONEOS_DEPLOYMENT_TARGET = 13.2;
				LD_RUNPATH_SEARCH_PATHS = (
					"$(inherited)",
					"@executable_path/Frameworks",
					"@loader_path/Frameworks",
				);
				PRODUCT_BUNDLE_IDENTIFIER = com.bhancock.HomepwnerTests;
				PRODUCT_NAME = "$(TARGET_NAME)";
				SWIFT_VERSION = 5.0;
				TARGETED_DEVICE_FAMILY = "1,2";
				TEST_HOST = "$(BUILT_PRODUCTS_DIR)/Homepwner.app/Homepwner";
			};
			name = Release;
		};
		8B49590F23E5721D0079BE77 /* Debug */ = {
			isa = XCBuildConfiguration;
			buildSettings = {
				ALWAYS_EMBED_SWIFT_STANDARD_LIBRARIES = YES;
				CODE_SIGN_STYLE = Automatic;
				INFOPLIST_FILE = HomepwnerUITests/Info.plist;
				LD_RUNPATH_SEARCH_PATHS = (
					"$(inherited)",
					"@executable_path/Frameworks",
					"@loader_path/Frameworks",
				);
				PRODUCT_BUNDLE_IDENTIFIER = com.bhancock.HomepwnerUITests;
				PRODUCT_NAME = "$(TARGET_NAME)";
				SWIFT_VERSION = 5.0;
				TARGETED_DEVICE_FAMILY = "1,2";
				TEST_TARGET_NAME = Homepwner;
			};
			name = Debug;
		};
		8B49591023E5721D0079BE77 /* Release */ = {
			isa = XCBuildConfiguration;
			buildSettings = {
				ALWAYS_EMBED_SWIFT_STANDARD_LIBRARIES = YES;
				CODE_SIGN_STYLE = Automatic;
				INFOPLIST_FILE = HomepwnerUITests/Info.plist;
				LD_RUNPATH_SEARCH_PATHS = (
					"$(inherited)",
					"@executable_path/Frameworks",
					"@loader_path/Frameworks",
				);
				PRODUCT_BUNDLE_IDENTIFIER = com.bhancock.HomepwnerUITests;
				PRODUCT_NAME = "$(TARGET_NAME)";
				SWIFT_VERSION = 5.0;
				TARGETED_DEVICE_FAMILY = "1,2";
				TEST_TARGET_NAME = Homepwner;
			};
			name = Release;
		};
/* End XCBuildConfiguration section */

/* Begin XCConfigurationList section */
		8B4958D923E5721A0079BE77 /* Build configuration list for PBXProject "Homepwner" */ = {
			isa = XCConfigurationList;
			buildConfigurations = (
				8B49590623E5721D0079BE77 /* Debug */,
				8B49590723E5721D0079BE77 /* Release */,
			);
			defaultConfigurationIsVisible = 0;
			defaultConfigurationName = Release;
		};
		8B49590823E5721D0079BE77 /* Build configuration list for PBXNativeTarget "Homepwner" */ = {
			isa = XCConfigurationList;
			buildConfigurations = (
				8B49590923E5721D0079BE77 /* Debug */,
				8B49590A23E5721D0079BE77 /* Release */,
			);
			defaultConfigurationIsVisible = 0;
			defaultConfigurationName = Release;
		};
		8B49590B23E5721D0079BE77 /* Build configuration list for PBXNativeTarget "HomepwnerTests" */ = {
			isa = XCConfigurationList;
			buildConfigurations = (
				8B49590C23E5721D0079BE77 /* Debug */,
				8B49590D23E5721D0079BE77 /* Release */,
			);
			defaultConfigurationIsVisible = 0;
			defaultConfigurationName = Release;
		};
		8B49590E23E5721D0079BE77 /* Build configuration list for PBXNativeTarget "HomepwnerUITests" */ = {
			isa = XCConfigurationList;
			buildConfigurations = (
				8B49590F23E5721D0079BE77 /* Debug */,
				8B49591023E5721D0079BE77 /* Release */,
			);
			defaultConfigurationIsVisible = 0;
			defaultConfigurationName = Release;
		};
/* End XCConfigurationList section */
	};
	rootObject = 8B4958D623E5721A0079BE77 /* Project object */;
}
